<?xml version="1.0" encoding="utf-8"?>
<Project ToolsVersion="4.0" xmlns="http://schemas.microsoft.com/developer/msbuild/2003">
  <ItemGroup>
    <Filter Include="Source Files">
      <UniqueIdentifier>{4FC737F1-C7A5-4376-A066-2A32D752A2FF}</UniqueIdentifier>
      <Extensions>cpp;c;cc;cxx;def;odl;idl;hpj;bat;asm;asmx</Extensions>
    </Filter>
    <Filter Include="Header Files">
      <UniqueIdentifier>{93995380-89BD-4b04-88EB-625FBE52EBFB}</UniqueIdentifier>
      <Extensions>h;hh;hpp;hxx;hm;inl;inc;xsd</Extensions>
    </Filter>
    <Filter Include="Resource Files">
      <UniqueIdentifier>{67DA6AB6-F800-4c08-8B7A-83BB121AAD01}</UniqueIdentifier>
      <Extensions>rc;ico;cur;bmp;dlg;rc2;rct;bin;rgs;gif;jpg;jpeg;jpe;resx;tiff;tif;png;wav;mfcribbon-ms</Extensions>
    </Filter>
    <Filter Include="Shaders">
      <UniqueIdentifier>{7267fffd-5ef6-43a8-b759-fadcba96215b}</UniqueIdentifier>
    </Filter>
    <Filter Include="Models">
      <UniqueIdentifier>{ee7c2be9-aab6-46c7-be5e-0f5d72cb2760}</UniqueIdentifier>
    </Filter>
    <Filter Include="Entity">
      <UniqueIdentifier>{a0d7163f-a996-4e39-9142-0ee96bb7ae77}</UniqueIdentifier>
    </Filter>
    <Filter Include="InputHandler">
      <UniqueIdentifier>{cd6aefb7-0e0a-459f-bfb5-504a373878e7}</UniqueIdentifier>
    </Filter>
    <Filter Include="Helpers">
      <UniqueIdentifier>{8ede1834-b942-4a6d-afe9-233372dfa52d}</UniqueIdentifier>
    </Filter>
    <Filter Include="Textures">
      <UniqueIdentifier>{d853154d-cf49-459e-8b10-f56038464d2d}</UniqueIdentifier>
    </Filter>
    <Filter Include="Renderer">
      <UniqueIdentifier>{3870754f-7b68-4958-a9a5-a350e057b66e}</UniqueIdentifier>
    </Filter>
    <Filter Include="Shading">
      <UniqueIdentifier>{28550542-1173-476c-adfb-1c1096754b99}</UniqueIdentifier>
    </Filter>
    <Filter Include="AI">
      <UniqueIdentifier>{8b379cd7-6fb2-4b9e-a706-e0e46f5e32dd}</UniqueIdentifier>
    </Filter>
    <Filter Include="imgui">
      <UniqueIdentifier>{39691798-c528-48af-9cc6-ed2dba437a0d}</UniqueIdentifier>
    </Filter>
  </ItemGroup>
  <ItemGroup>
    <ClCompile Include="Main.cpp">
      <Filter>Source Files</Filter>
    </ClCompile>
    <ClCompile Include="Framework.cpp">
      <Filter>Source Files</Filter>
    </ClCompile>
    <ClCompile Include="RawModel.cpp">
      <Filter>Models</Filter>
    </ClCompile>
    <ClCompile Include="Camera.cpp">
      <Filter>Source Files</Filter>
    </ClCompile>
    <ClCompile Include="TexturedModel.cpp">
      <Filter>Models</Filter>
    </ClCompile>
    <ClCompile Include="Entity.cpp">
      <Filter>Entity</Filter>
    </ClCompile>
    <ClCompile Include="InputHandler.cpp">
      <Filter>InputHandler</Filter>
    </ClCompile>
    <ClCompile Include="Math.cpp">
      <Filter>Helpers</Filter>
    </ClCompile>
    <ClCompile Include="Loader.cpp">
      <Filter>Helpers</Filter>
    </ClCompile>
    <ClCompile Include="Texture.cpp">
      <Filter>Textures</Filter>
    </ClCompile>
    <ClCompile Include="Image.cpp">
      <Filter>Textures</Filter>
    </ClCompile>
    <ClCompile Include="MasterRenderer.cpp">
      <Filter>Renderer</Filter>
    </ClCompile>
    <ClCompile Include="PhongShading.cpp">
      <Filter>Shading</Filter>
    </ClCompile>
    <ClCompile Include="Shader.cpp">
      <Filter>Shading</Filter>
    </ClCompile>
    <ClCompile Include="Simpletechnique.cpp">
      <Filter>Shading</Filter>
    </ClCompile>
    <ClCompile Include="Light.cpp">
      <Filter>Shading</Filter>
    </ClCompile>
    <ClCompile Include="TerrainShader.cpp">
      <Filter>Shading</Filter>
    </ClCompile>
    <ClCompile Include="Terrain.cpp">
      <Filter>Models</Filter>
    </ClCompile>
    <ClCompile Include="EntityRenderer.cpp">
      <Filter>Renderer</Filter>
    </ClCompile>
    <ClCompile Include="TerrainRenderer.cpp">
      <Filter>Renderer</Filter>
    </ClCompile>
    <ClCompile Include="GoalEntity.cpp">
      <Filter>Entity</Filter>
    </ClCompile>
    <ClCompile Include="Steering.cpp">
      <Filter>AI</Filter>
    </ClCompile>
    <ClCompile Include="Agent.cpp">
      <Filter>Entity</Filter>
    </ClCompile>
    <ClCompile Include="SkyDome.cpp">
      <Filter>Models</Filter>
    </ClCompile>
    <ClCompile Include="imgui.cpp">
      <Filter>imgui</Filter>
    </ClCompile>
    <ClCompile Include="imgui_demo.cpp">
      <Filter>imgui</Filter>
    </ClCompile>
    <ClCompile Include="imgui_draw.cpp">
      <Filter>imgui</Filter>
    </ClCompile>
  </ItemGroup>
  <ItemGroup>
    <ClInclude Include="Framework.h">
      <Filter>Header Files</Filter>
    </ClInclude>
    <ClInclude Include="OpenglGL.h">
      <Filter>Header Files</Filter>
    </ClInclude>
    <ClInclude Include="Common.hpp">
      <Filter>Header Files</Filter>
    </ClInclude>
    <ClInclude Include="RawModel.h">
      <Filter>Models</Filter>
    </ClInclude>
    <ClInclude Include="Camera.h">
      <Filter>Header Files</Filter>
    </ClInclude>
    <ClInclude Include="TexturedModel.h">
      <Filter>Models</Filter>
    </ClInclude>
    <ClInclude Include="Entity.h">
      <Filter>Entity</Filter>
    </ClInclude>
    <ClInclude Include="InputHandler.h">
      <Filter>InputHandler</Filter>
    </ClInclude>
    <ClInclude Include="Math.h">
      <Filter>Helpers</Filter>
    </ClInclude>
    <ClInclude Include="Loader.h">
      <Filter>Helpers</Filter>
    </ClInclude>
    <ClInclude Include="Texture.h">
      <Filter>Textures</Filter>
    </ClInclude>
    <ClInclude Include="Image.h">
      <Filter>Textures</Filter>
    </ClInclude>
    <ClInclude Include="MasterRenderer.h">
      <Filter>Renderer</Filter>
    </ClInclude>
    <ClInclude Include="Light.h">
      <Filter>Shading</Filter>
    </ClInclude>
    <ClInclude Include="PhongShading.h">
      <Filter>Shading</Filter>
    </ClInclude>
    <ClInclude Include="Shader.h">
      <Filter>Shading</Filter>
    </ClInclude>
    <ClInclude Include="ShadingTechnique.h">
      <Filter>Shading</Filter>
    </ClInclude>
    <ClInclude Include="Simpletechnique.h">
      <Filter>Shading</Filter>
    </ClInclude>
    <ClInclude Include="TerrainShader.h">
      <Filter>Shading</Filter>
    </ClInclude>
    <ClInclude Include="Terrain.h">
      <Filter>Models</Filter>
    </ClInclude>
    <ClInclude Include="EntityRenderer.h">
      <Filter>Renderer</Filter>
    </ClInclude>
    <ClInclude Include="TerrainRenderer.h">
      <Filter>Renderer</Filter>
    </ClInclude>
    <ClInclude Include="GoalEntity.h">
      <Filter>Entity</Filter>
    </ClInclude>
    <ClInclude Include="Steering.h">
      <Filter>AI</Filter>
    </ClInclude>
    <ClInclude Include="Agent.h">
      <Filter>Entity</Filter>
    </ClInclude>
    <ClInclude Include="SkyDome.h">
      <Filter>Models</Filter>
    </ClInclude>
    <ClInclude Include="imconfig.h">
      <Filter>imgui</Filter>
    </ClInclude>
    <ClInclude Include="imgui.h">
      <Filter>imgui</Filter>
    </ClInclude>
    <ClInclude Include="imgui_internal.h">
      <Filter>imgui</Filter>
    </ClInclude>
  </ItemGroup>
  <ItemGroup>
    <None Include="Shaders\MeshFragmentShader.glsl">
      <Filter>Shaders</Filter>
    </None>
    <None Include="Shaders\MeshVertexShader.glsl">
      <Filter>Shaders</Filter>
    </None>
    <None Include="Shaders\SimpleFragmentShader.glsl">
      <Filter>Shaders</Filter>
    </None>
    <None Include="Shaders\SimpleVertexShader.glsl">
      <Filter>Shaders</Filter>
    </None>
    <None Include="Shaders\TerrainFragmentShader.glsl">
      <Filter>Shaders</Filter>
    </None>
    <None Include="Shaders\TerrainVertexShader.glsl">
      <Filter>Shaders</Filter>
    </None>
    <None Include="Shaders\SimpleTexturedFragmentShader.glsl">
      <Filter>Shaders</Filter>
    </None>
  </ItemGroup>
</Project>